
Microsoft Visual Studio Solution File, Format Version 12.00
# Visual Studio Version 17
VisualStudioVersion = 17.0.31912.275
MinimumVisualStudioVersion = 10.0.40219.1
Project("{FAE04EC0-301F-11D3-BF4B-00C04F79EFBC}") = "FileParser", "FileParser\FileParser.csproj", "{0AB62244-E516-4AAA-A71B-3C6AD16FC248}"
EndProject
Global
	GlobalSection(SolutionConfigurationPlatforms) = preSolution
		Debug|Any CPU = Debug|Any CPU
		Release|Any CPU = Release|Any CPU
	EndGlobalSection
	GlobalSection(ProjectConfigurationPlatforms) = postSolution
		{0AB62244-E516-4AAA-A71B-3C6AD16FC248}.Debug|Any CPU.ActiveCfg = Debug|Any CPU
		{0AB62244-E516-4AAA-A71B-3C6AD16FC248}.Debug|Any CPU.Build.0 = Debug|Any CPU
		{0AB62244-E516-4AAA-A71B-3C6AD16FC248}.Release|Any CPU.ActiveCfg = Release|Any CPU
		{0AB62244-E516-4AAA-A71B-3C6AD16FC248}.Release|Any CPU.Build.0 = Release|Any CPU
	EndGlobalSection
	GlobalSection(SolutionProperties) = preSolution
		HideSolutionNode = FALSE
	EndGlobalSection
	GlobalSection(ExtensibilityGlobals) = postSolution
		SolutionGuid = {E01EA307-5354-490E-BD19-2D630B18391F}
	EndGlobalSection
EndGlobal
